
Microsoft Visual Studio Solution File, Format Version 12.00
# Visual Studio Version 17
VisualStudioVersion = 17.14.36705.20
MinimumVisualStudioVersion = 10.0.40219.1
Project("{FAE04EC0-301F-11D3-BF4B-00C04F79EFBC}") = "ContractService.API", "ContractService.API\ContractService.API.csproj", "{12FAA61A-93E4-44BB-A553-42A768E8372F}"
EndProject
Project("{FAE04EC0-301F-11D3-BF4B-00C04F79EFBC}") = "ContractService.Application", "ContractService.Application\ContractService.Application.csproj", "{45F5B5A6-6BFC-4AB8-B519-2E16DB5A838A}"
EndProject
Project("{FAE04EC0-301F-11D3-BF4B-00C04F79EFBC}") = "ContractService.Domain", "ContractService.Domain\ContractService.Domain.csproj", "{7093DEA0-6503-4E7D-84AC-44F8D7E44E96}"
EndProject
Project("{FAE04EC0-301F-11D3-BF4B-00C04F79EFBC}") = "ContractService.Infrastructure", "ContractService.Infrastructure\ContractService.Infrastructure.csproj", "{2E9AF863-989D-4026-BB78-FC58524A61E1}"
EndProject
Project("{FAE04EC0-301F-11D3-BF4B-00C04F79EFBC}") = "ContractService.Test", "ContractService.Test\ContractService.Test.csproj", "{B44C8430-B9AB-4E0D-A648-16C2AC1B168A}"
EndProject
Global
	GlobalSection(SolutionConfigurationPlatforms) = preSolution
		Debug|Any CPU = Debug|Any CPU
		Release|Any CPU = Release|Any CPU
	EndGlobalSection
	GlobalSection(ProjectConfigurationPlatforms) = postSolution
		{12FAA61A-93E4-44BB-A553-42A768E8372F}.Debug|Any CPU.ActiveCfg = Debug|Any CPU
		{12FAA61A-93E4-44BB-A553-42A768E8372F}.Debug|Any CPU.Build.0 = Debug|Any CPU
		{12FAA61A-93E4-44BB-A553-42A768E8372F}.Release|Any CPU.ActiveCfg = Release|Any CPU
		{12FAA61A-93E4-44BB-A553-42A768E8372F}.Release|Any CPU.Build.0 = Release|Any CPU
		{45F5B5A6-6BFC-4AB8-B519-2E16DB5A838A}.Debug|Any CPU.ActiveCfg = Debug|Any CPU
		{45F5B5A6-6BFC-4AB8-B519-2E16DB5A838A}.Debug|Any CPU.Build.0 = Debug|Any CPU
		{45F5B5A6-6BFC-4AB8-B519-2E16DB5A838A}.Release|Any CPU.ActiveCfg = Release|Any CPU
		{45F5B5A6-6BFC-4AB8-B519-2E16DB5A838A}.Release|Any CPU.Build.0 = Release|Any CPU
		{7093DEA0-6503-4E7D-84AC-44F8D7E44E96}.Debug|Any CPU.ActiveCfg = Debug|Any CPU
		{7093DEA0-6503-4E7D-84AC-44F8D7E44E96}.Debug|Any CPU.Build.0 = Debug|Any CPU
		{7093DEA0-6503-4E7D-84AC-44F8D7E44E96}.Release|Any CPU.ActiveCfg = Release|Any CPU
		{7093DEA0-6503-4E7D-84AC-44F8D7E44E96}.Release|Any CPU.Build.0 = Release|Any CPU
		{2E9AF863-989D-4026-BB78-FC58524A61E1}.Debug|Any CPU.ActiveCfg = Debug|Any CPU
		{2E9AF863-989D-4026-BB78-FC58524A61E1}.Debug|Any CPU.Build.0 = Debug|Any CPU
		{2E9AF863-989D-4026-BB78-FC58524A61E1}.Release|Any CPU.ActiveCfg = Release|Any CPU
		{2E9AF863-989D-4026-BB78-FC58524A61E1}.Release|Any CPU.Build.0 = Release|Any CPU
		{B44C8430-B9AB-4E0D-A648-16C2AC1B168A}.Debug|Any CPU.ActiveCfg = Debug|Any CPU
		{B44C8430-B9AB-4E0D-A648-16C2AC1B168A}.Debug|Any CPU.Build.0 = Debug|Any CPU
		{B44C8430-B9AB-4E0D-A648-16C2AC1B168A}.Release|Any CPU.ActiveCfg = Release|Any CPU
		{B44C8430-B9AB-4E0D-A648-16C2AC1B168A}.Release|Any CPU.Build.0 = Release|Any CPU
	EndGlobalSection
	GlobalSection(SolutionProperties) = preSolution
		HideSolutionNode = FALSE
	EndGlobalSection
	GlobalSection(ExtensibilityGlobals) = postSolution
		SolutionGuid = {B82A0DBB-2926-4D1C-85A0-57F874118035}
	EndGlobalSection
EndGlobal
